
Microsoft Visual Studio Solution File, Format Version 12.00
# Visual Studio Version 17
VisualStudioVersion = 17.5.33502.453
MinimumVisualStudioVersion = 10.0.40219.1
Project("{9A19103F-16F7-4668-BE54-9A1E7A4F7556}") = "TaskManagement.Web", "TaskManagementWeb\TaskManagement.Web.csproj", "{3C8583A1-B19B-4664-A957-F1514D21ECF6}"
EndProject
Project("{9A19103F-16F7-4668-BE54-9A1E7A4F7556}") = "SenseNet.TaskManagement.Core", "TaskManagement.Core\SenseNet.TaskManagement.Core.csproj", "{E8335731-1E4F-4DAC-99ED-CD9BCCF686CB}"
EndProject
Project("{9A19103F-16F7-4668-BE54-9A1E7A4F7556}") = "SenseNetTaskAgent", "SenseNetTaskAgent\SenseNetTaskAgent.csproj", "{AB82332D-9A17-4E1F-B847-74FC7C74E21F}"
EndProject
Project("{9A19103F-16F7-4668-BE54-9A1E7A4F7556}") = "TestExecutor", "TestExecutor\TestExecutor.csproj", "{A4F690FC-1CC5-48C4-BA9D-05E483BA3B3B}"
EndProject
Project("{9A19103F-16F7-4668-BE54-9A1E7A4F7556}") = "TestMonitorClient", "TestMonitorClient\TestMonitorClient.csproj", "{BE0D85F5-0791-4E15-AD53-D6D3986FB202}"
EndProject
Project("{FAE04EC0-301F-11D3-BF4B-00C04F79EFBC}") = "TaskManagement.Web.Components", "TaskManagement.Web.Components\TaskManagement.Web.Components.csproj", "{D70A1F21-258F-4602-859F-D446838AF32E}"
EndProject
Global
	GlobalSection(SolutionConfigurationPlatforms) = preSolution
		Debug|Any CPU = Debug|Any CPU
		Diagnostic|Any CPU = Diagnostic|Any CPU
		Release|Any CPU = Release|Any CPU
	EndGlobalSection
	GlobalSection(ProjectConfigurationPlatforms) = postSolution
		{3C8583A1-B19B-4664-A957-F1514D21ECF6}.Debug|Any CPU.ActiveCfg = Debug|Any CPU
		{3C8583A1-B19B-4664-A957-F1514D21ECF6}.Debug|Any CPU.Build.0 = Debug|Any CPU
		{3C8583A1-B19B-4664-A957-F1514D21ECF6}.Diagnostic|Any CPU.ActiveCfg = Debug|Any CPU
		{3C8583A1-B19B-4664-A957-F1514D21ECF6}.Diagnostic|Any CPU.Build.0 = Debug|Any CPU
		{3C8583A1-B19B-4664-A957-F1514D21ECF6}.Release|Any CPU.ActiveCfg = Release|Any CPU
		{3C8583A1-B19B-4664-A957-F1514D21ECF6}.Release|Any CPU.Build.0 = Release|Any CPU
		{E8335731-1E4F-4DAC-99ED-CD9BCCF686CB}.Debug|Any CPU.ActiveCfg = Debug|Any CPU
		{E8335731-1E4F-4DAC-99ED-CD9BCCF686CB}.Debug|Any CPU.Build.0 = Debug|Any CPU
		{E8335731-1E4F-4DAC-99ED-CD9BCCF686CB}.Diagnostic|Any CPU.ActiveCfg = Debug|Any CPU
		{E8335731-1E4F-4DAC-99ED-CD9BCCF686CB}.Diagnostic|Any CPU.Build.0 = Debug|Any CPU
		{E8335731-1E4F-4DAC-99ED-CD9BCCF686CB}.Release|Any CPU.ActiveCfg = Release|Any CPU
		{E8335731-1E4F-4DAC-99ED-CD9BCCF686CB}.Release|Any CPU.Build.0 = Release|Any CPU
		{AB82332D-9A17-4E1F-B847-74FC7C74E21F}.Debug|Any CPU.ActiveCfg = Debug|Any CPU
		{AB82332D-9A17-4E1F-B847-74FC7C74E21F}.Debug|Any CPU.Build.0 = Debug|Any CPU
		{AB82332D-9A17-4E1F-B847-74FC7C74E21F}.Diagnostic|Any CPU.ActiveCfg = Debug|Any CPU
		{AB82332D-9A17-4E1F-B847-74FC7C74E21F}.Diagnostic|Any CPU.Build.0 = Debug|Any CPU
		{AB82332D-9A17-4E1F-B847-74FC7C74E21F}.Release|Any CPU.ActiveCfg = Release|Any CPU
		{AB82332D-9A17-4E1F-B847-74FC7C74E21F}.Release|Any CPU.Build.0 = Release|Any CPU
		{A4F690FC-1CC5-48C4-BA9D-05E483BA3B3B}.Debug|Any CPU.ActiveCfg = Debug|Any CPU
		{A4F690FC-1CC5-48C4-BA9D-05E483BA3B3B}.Debug|Any CPU.Build.0 = Debug|Any CPU
		{A4F690FC-1CC5-48C4-BA9D-05E483BA3B3B}.Diagnostic|Any CPU.ActiveCfg = Debug|Any CPU
		{A4F690FC-1CC5-48C4-BA9D-05E483BA3B3B}.Diagnostic|Any CPU.Build.0 = Debug|Any CPU
		{A4F690FC-1CC5-48C4-BA9D-05E483BA3B3B}.Release|Any CPU.ActiveCfg = Release|Any CPU
		{A4F690FC-1CC5-48C4-BA9D-05E483BA3B3B}.Release|Any CPU.Build.0 = Release|Any CPU
		{BE0D85F5-0791-4E15-AD53-D6D3986FB202}.Debug|Any CPU.ActiveCfg = Debug|Any CPU
		{BE0D85F5-0791-4E15-AD53-D6D3986FB202}.Debug|Any CPU.Build.0 = Debug|Any CPU
		{BE0D85F5-0791-4E15-AD53-D6D3986FB202}.Diagnostic|Any CPU.ActiveCfg = Debug|Any CPU
		{BE0D85F5-0791-4E15-AD53-D6D3986FB202}.Diagnostic|Any CPU.Build.0 = Debug|Any CPU
		{BE0D85F5-0791-4E15-AD53-D6D3986FB202}.Release|Any CPU.ActiveCfg = Release|Any CPU
		{BE0D85F5-0791-4E15-AD53-D6D3986FB202}.Release|Any CPU.Build.0 = Release|Any CPU
		{D70A1F21-258F-4602-859F-D446838AF32E}.Debug|Any CPU.ActiveCfg = Debug|Any CPU
		{D70A1F21-258F-4602-859F-D446838AF32E}.Debug|Any CPU.Build.0 = Debug|Any CPU
		{D70A1F21-258F-4602-859F-D446838AF32E}.Diagnostic|Any CPU.ActiveCfg = Debug|Any CPU
		{D70A1F21-258F-4602-859F-D446838AF32E}.Diagnostic|Any CPU.Build.0 = Debug|Any CPU
		{D70A1F21-258F-4602-859F-D446838AF32E}.Release|Any CPU.ActiveCfg = Release|Any CPU
		{D70A1F21-258F-4602-859F-D446838AF32E}.Release|Any CPU.Build.0 = Release|Any CPU
	EndGlobalSection
	GlobalSection(SolutionProperties) = preSolution
		HideSolutionNode = FALSE
	EndGlobalSection
	GlobalSection(ExtensibilityGlobals) = postSolution
		SolutionGuid = {3DE66364-19C5-40C1-AB44-9AE45C7F8078}
	EndGlobalSection
EndGlobal
